// !$*UTF8*$!
{
	archiveVersion = 1;
	classes = {
	};
	objectVersion = 48;
	objects = {

/* Begin PBXBuildFile section */
		38FE8D7E21090538009DFB67 /* AppDelegate.swift in Sources */ = {isa = PBXBuildFile; fileRef = 38FE8D7D21090538009DFB67 /* AppDelegate.swift */; };
		38FE8D8021090538009DFB67 /* WatherViewController.swift in Sources */ = {isa = PBXBuildFile; fileRef = 38FE8D7F21090538009DFB67 /* WatherViewController.swift */; };
		38FE8D8321090538009DFB67 /* Main.storyboard in Resources */ = {isa = PBXBuildFile; fileRef = 38FE8D8121090538009DFB67 /* Main.storyboard */; };
		38FE8D8621090538009DFB67 /* Weather.xcdatamodeld in Sources */ = {isa = PBXBuildFile; fileRef = 38FE8D8421090538009DFB67 /* Weather.xcdatamodeld */; };
		38FE8D8821090538009DFB67 /* Assets.xcassets in Resources */ = {isa = PBXBuildFile; fileRef = 38FE8D8721090538009DFB67 /* Assets.xcassets */; };
		38FE8D8B21090538009DFB67 /* LaunchScreen.storyboard in Resources */ = {isa = PBXBuildFile; fileRef = 38FE8D8921090538009DFB67 /* LaunchScreen.storyboard */; };
		38FE8D9321090569009DFB67 /* Podfile in Resources */ = {isa = PBXBuildFile; fileRef = 38FE8D9221090569009DFB67 /* Podfile */; };
		38FE8D9521099A34009DFB67 /* DetailWeather.swift in Sources */ = {isa = PBXBuildFile; fileRef = 38FE8D9421099A34009DFB67 /* DetailWeather.swift */; };
		38FE8D99210B669D009DFB67 /* ServiceWeather.swift in Sources */ = {isa = PBXBuildFile; fileRef = 38FE8D98210B669D009DFB67 /* ServiceWeather.swift */; };
		38FE8D9B210BB20B009DFB67 /* CurrentWeatherCoreData.swift in Sources */ = {isa = PBXBuildFile; fileRef = 38FE8D9A210BB20B009DFB67 /* CurrentWeatherCoreData.swift */; };
		5D79F204BF4AD2B40E5A81E8 /* Pods_Weather.framework in Frameworks */ = {isa = PBXBuildFile; fileRef = 073F1C3B94EDE36FEA877423 /* Pods_Weather.framework */; };
/* End PBXBuildFile section */

/* Begin PBXFileReference section */
		073F1C3B94EDE36FEA877423 /* Pods_Weather.framework */ = {isa = PBXFileReference; explicitFileType = wrapper.framework; includeInIndex = 0; path = Pods_Weather.framework; sourceTree = BUILT_PRODUCTS_DIR; };
		38FE8D7A21090538009DFB67 /* Weather.app */ = {isa = PBXFileReference; explicitFileType = wrapper.application; includeInIndex = 0; path = Weather.app; sourceTree = BUILT_PRODUCTS_DIR; };
		38FE8D7D21090538009DFB67 /* AppDelegate.swift */ = {isa = PBXFileReference; lastKnownFileType = sourcecode.swift; path = AppDelegate.swift; sourceTree = "<group>"; };
		38FE8D7F21090538009DFB67 /* WatherViewController.swift */ = {isa = PBXFileReference; lastKnownFileType = sourcecode.swift; path = WatherViewController.swift; sourceTree = "<group>"; };
		38FE8D8221090538009DFB67 /* Base */ = {isa = PBXFileReference; lastKnownFileType = file.storyboard; name = Base; path = Base.lproj/Main.storyboard; sourceTree = "<group>"; };
		38FE8D8521090538009DFB67 /* Weather.xcdatamodel */ = {isa = PBXFileReference; lastKnownFileType = wrapper.xcdatamodel; path = Weather.xcdatamodel; sourceTree = "<group>"; };
		38FE8D8721090538009DFB67 /* Assets.xcassets */ = {isa = PBXFileReference; lastKnownFileType = folder.assetcatalog; path = Assets.xcassets; sourceTree = "<group>"; };
		38FE8D8A21090538009DFB67 /* Base */ = {isa = PBXFileReference; lastKnownFileType = file.storyboard; name = Base; path = Base.lproj/LaunchScreen.storyboard; sourceTree = "<group>"; };
		38FE8D8C21090538009DFB67 /* Info.plist */ = {isa = PBXFileReference; lastKnownFileType = text.plist.xml; path = Info.plist; sourceTree = "<group>"; };
		38FE8D9221090569009DFB67 /* Podfile */ = {isa = PBXFileReference; lastKnownFileType = text; path = Podfile; sourceTree = "<group>"; xcLanguageSpecificationIdentifier = xcode.lang.ruby; };
		38FE8D9421099A34009DFB67 /* DetailWeather.swift */ = {isa = PBXFileReference; lastKnownFileType = sourcecode.swift; path = DetailWeather.swift; sourceTree = "<group>"; };
		38FE8D98210B669D009DFB67 /* ServiceWeather.swift */ = {isa = PBXFileReference; lastKnownFileType = sourcecode.swift; path = ServiceWeather.swift; sourceTree = "<group>"; };
		38FE8D9A210BB20B009DFB67 /* CurrentWeatherCoreData.swift */ = {isa = PBXFileReference; lastKnownFileType = sourcecode.swift; path = CurrentWeatherCoreData.swift; sourceTree = "<group>"; };
		82553ED7AB32784F301E7D9C /* Pods-Weather.release.xcconfig */ = {isa = PBXFileReference; includeInIndex = 1; lastKnownFileType = text.xcconfig; name = "Pods-Weather.release.xcconfig"; path = "Pods/Target Support Files/Pods-Weather/Pods-Weather.release.xcconfig"; sourceTree = "<group>"; };
		CC0ABF220754BADBD0477E43 /* Pods-Weather.debug.xcconfig */ = {isa = PBXFileReference; includeInIndex = 1; lastKnownFileType = text.xcconfig; name = "Pods-Weather.debug.xcconfig"; path = "Pods/Target Support Files/Pods-Weather/Pods-Weather.debug.xcconfig"; sourceTree = "<group>"; };
/* End PBXFileReference section */

/* Begin PBXFrameworksBuildPhase section */
		38FE8D7721090538009DFB67 /* Frameworks */ = {
			isa = PBXFrameworksBuildPhase;
			buildActionMask = 2147483647;
			files = (
				5D79F204BF4AD2B40E5A81E8 /* Pods_Weather.framework in Frameworks */,
			);
			runOnlyForDeploymentPostprocessing = 0;
		};
/* End PBXFrameworksBuildPhase section */

/* Begin PBXGroup section */
		38FE8D7121090538009DFB67 = {
			isa = PBXGroup;
			children = (
				38FE8D9221090569009DFB67 /* Podfile */,
				38FE8D7C21090538009DFB67 /* Weather */,
				38FE8D7B21090538009DFB67 /* Products */,
				D3555902907BD21072D3E284 /* Pods */,
				B46DF3C28E0A7E3828449CB9 /* Frameworks */,
			);
			sourceTree = "<group>";
		};
		38FE8D7B21090538009DFB67 /* Products */ = {
			isa = PBXGroup;
			children = (
				38FE8D7A21090538009DFB67 /* Weather.app */,
			);
			name = Products;
			sourceTree = "<group>";
		};
		38FE8D7C21090538009DFB67 /* Weather */ = {
			isa = PBXGroup;
			children = (
				38FE8D7D21090538009DFB67 /* AppDelegate.swift */,
				38FE8D7F21090538009DFB67 /* WatherViewController.swift */,
				38FE8D9421099A34009DFB67 /* DetailWeather.swift */,
				38FE8D98210B669D009DFB67 /* ServiceWeather.swift */,
				38FE8D9A210BB20B009DFB67 /* CurrentWeatherCoreData.swift */,
				38FE8D8121090538009DFB67 /* Main.storyboard */,
				38FE8D8721090538009DFB67 /* Assets.xcassets */,
				38FE8D8921090538009DFB67 /* LaunchScreen.storyboard */,
				38FE8D8C21090538009DFB67 /* Info.plist */,
				38FE8D8421090538009DFB67 /* Weather.xcdatamodeld */,
			);
			path = Weather;
			sourceTree = "<group>";
		};
		B46DF3C28E0A7E3828449CB9 /* Frameworks */ = {
			isa = PBXGroup;
			children = (
				073F1C3B94EDE36FEA877423 /* Pods_Weather.framework */,
			);
			name = Frameworks;
			sourceTree = "<group>";
		};
		D3555902907BD21072D3E284 /* Pods */ = {
			isa = PBXGroup;
			children = (
				CC0ABF220754BADBD0477E43 /* Pods-Weather.debug.xcconfig */,
				82553ED7AB32784F301E7D9C /* Pods-Weather.release.xcconfig */,
			);
			name = Pods;
			sourceTree = "<group>";
		};
/* End PBXGroup section */

/* Begin PBXNativeTarget section */
		38FE8D7921090538009DFB67 /* Weather */ = {
			isa = PBXNativeTarget;
			buildConfigurationList = 38FE8D8F21090538009DFB67 /* Build configuration list for PBXNativeTarget "Weather" */;
			buildPhases = (
				CBE2419CCF3D873AB3216069 /* [CP] Check Pods Manifest.lock */,
				38FE8D7621090538009DFB67 /* Sources */,
				38FE8D7721090538009DFB67 /* Frameworks */,
				38FE8D7821090538009DFB67 /* Resources */,
				934C9C45F996ED2DB2C763EA /* [CP] Embed Pods Frameworks */,
				F453A676792B28D546002DE8 /* [CP] Copy Pods Resources */,
			);
			buildRules = (
			);
			dependencies = (
			);
			name = Weather;
			productName = Weather;
			productReference = 38FE8D7A21090538009DFB67 /* Weather.app */;
			productType = "com.apple.product-type.application";
		};
/* End PBXNativeTarget section */

/* Begin PBXProject section */
		38FE8D7221090538009DFB67 /* Project object */ = {
			isa = PBXProject;
			attributes = {
				LastSwiftUpdateCheck = 0920;
				LastUpgradeCheck = 0920;
				ORGANIZATIONNAME = IgorMac;
				TargetAttributes = {
					38FE8D7921090538009DFB67 = {
						CreatedOnToolsVersion = 9.2;
						ProvisioningStyle = Automatic;
					};
				};
			};
			buildConfigurationList = 38FE8D7521090538009DFB67 /* Build configuration list for PBXProject "Weather" */;
			compatibilityVersion = "Xcode 8.0";
			developmentRegion = en;
			hasScannedForEncodings = 0;
			knownRegions = (
				en,
				Base,
			);
			mainGroup = 38FE8D7121090538009DFB67;
			productRefGroup = 38FE8D7B21090538009DFB67 /* Products */;
			projectDirPath = "";
			projectRoot = "";
			targets = (
				38FE8D7921090538009DFB67 /* Weather */,
			);
		};
/* End PBXProject section */

/* Begin PBXResourcesBuildPhase section */
		38FE8D7821090538009DFB67 /* Resources */ = {
			isa = PBXResourcesBuildPhase;
			buildActionMask = 2147483647;
			files = (
				38FE8D8B21090538009DFB67 /* LaunchScreen.storyboard in Resources */,
				38FE8D8821090538009DFB67 /* Assets.xcassets in Resources */,
				38FE8D9321090569009DFB67 /* Podfile in Resources */,
				38FE8D8321090538009DFB67 /* Main.storyboard in Resources */,
			);
			runOnlyForDeploymentPostprocessing = 0;
		};
/* End PBXResourcesBuildPhase section */

/* Begin PBXShellScriptBuildPhase section */
		934C9C45F996ED2DB2C763EA /* [CP] Embed Pods Frameworks */ = {
			isa = PBXShellScriptBuildPhase;
			buildActionMask = 2147483647;
			files = (
			);
			inputPaths = (
				"${SRCROOT}/Pods/Target Support Files/Pods-Weather/Pods-Weather-frameworks.sh",
				"${BUILT_PRODUCTS_DIR}/Alamofire/Alamofire.framework",
			);
			name = "[CP] Embed Pods Frameworks";
			outputPaths = (
				"${TARGET_BUILD_DIR}/${FRAMEWORKS_FOLDER_PATH}/Alamofire.framework",
			);
			runOnlyForDeploymentPostprocessing = 0;
			shellPath = /bin/sh;
			shellScript = "\"${SRCROOT}/Pods/Target Support Files/Pods-Weather/Pods-Weather-frameworks.sh\"\n";
			showEnvVarsInLog = 0;
		};
		CBE2419CCF3D873AB3216069 /* [CP] Check Pods Manifest.lock */ = {
			isa = PBXShellScriptBuildPhase;
			buildActionMask = 2147483647;
			files = (
			);
			inputPaths = (
				"${PODS_PODFILE_DIR_PATH}/Podfile.lock",
				"${PODS_ROOT}/Manifest.lock",
			);
			name = "[CP] Check Pods Manifest.lock";
			outputPaths = (
				"$(DERIVED_FILE_DIR)/Pods-Weather-checkManifestLockResult.txt",
			);
			runOnlyForDeploymentPostprocessing = 0;
			shellPath = /bin/sh;
			shellScript = "diff \"${PODS_PODFILE_DIR_PATH}/Podfile.lock\" \"${PODS_ROOT}/Manifest.lock\" > /dev/null\nif [ $? != 0 ] ; then\n    # print error to STDERR\n    echo \"error: The sandbox is not in sync with the Podfile.lock. Run 'pod install' or update your CocoaPods installation.\" >&2\n    exit 1\nfi\n# This output is used by Xcode 'outputs' to avoid re-running this script phase.\necho \"SUCCESS\" > \"${SCRIPT_OUTPUT_FILE_0}\"\n";
			showEnvVarsInLog = 0;
		};
		F453A676792B28D546002DE8 /* [CP] Copy Pods Resources */ = {
			isa = PBXShellScriptBuildPhase;
			buildActionMask = 2147483647;
			files = (
			);
			inputPaths = (
			);
			name = "[CP] Copy Pods Resources";
			outputPaths = (
			);
			runOnlyForDeploymentPostprocessing = 0;
			shellPath = /bin/sh;
			shellScript = "\"${SRCROOT}/Pods/Target Support Files/Pods-Weather/Pods-Weather-resources.sh\"\n";
			showEnvVarsInLog = 0;
		};
/* End PBXShellScriptBuildPhase section */

/* Begin PBXSourcesBuildPhase section */
		38FE8D7621090538009DFB67 /* Sources */ = {
			isa = PBXSourcesBuildPhase;
			buildActionMask = 2147483647;
			files = (
				38FE8D8621090538009DFB67 /* Weather.xcdatamodeld in Sources */,
				38FE8D9521099A34009DFB67 /* DetailWeather.swift in Sources */,
				38FE8D8021090538009DFB67 /* WatherViewController.swift in Sources */,
				38FE8D99210B669D009DFB67 /* ServiceWeather.swift in Sources */,
				38FE8D9B210BB20B009DFB67 /* CurrentWeatherCoreData.swift in Sources */,
				38FE8D7E21090538009DFB67 /* AppDelegate.swift in Sources */,
			);
			runOnlyForDeploymentPostprocessing = 0;
		};
/* End PBXSourcesBuildPhase section */

/* Begin PBXVariantGroup section */
		38FE8D8121090538009DFB67 /* Main.storyboard */ = {
			isa = PBXVariantGroup;
			children = (
				38FE8D8221090538009DFB67 /* Base */,
			);
			name = Main.storyboard;
			sourceTree = "<group>";
		};
		38FE8D8921090538009DFB67 /* LaunchScreen.storyboard */ = {
			isa = PBXVariantGroup;
			children = (
				38FE8D8A21090538009DFB67 /* Base */,
			);
			name = LaunchScreen.storyboard;
			sourceTree = "<group>";
		};
/* End PBXVariantGroup section */

/* Begin XCBuildConfiguration section */
		38FE8D8D21090538009DFB67 /* Debug */ = {
			isa = XCBuildConfiguration;
			buildSettings = {
				ALWAYS_SEARCH_USER_PATHS = NO;
				CLANG_ANALYZER_NONNULL = YES;
				CLANG_ANALYZER_NUMBER_OBJECT_CONVERSION = YES_AGGRESSIVE;
				CLANG_CXX_LANGUAGE_STANDARD = "gnu++14";
				CLANG_CXX_LIBRARY = "libc++";
				CLANG_ENABLE_MODULES = YES;
				CLANG_ENABLE_OBJC_ARC = YES;
				CLANG_WARN_BLOCK_CAPTURE_AUTORELEASING = YES;
				CLANG_WARN_BOOL_CONVERSION = YES;
				CLANG_WARN_COMMA = YES;
				CLANG_WARN_CONSTANT_CONVERSION = YES;
				CLANG_WARN_DIRECT_OBJC_ISA_USAGE = YES_ERROR;
				CLANG_WARN_DOCUMENTATION_COMMENTS = YES;
				CLANG_WARN_EMPTY_BODY = YES;
				CLANG_WARN_ENUM_CONVERSION = YES;
				CLANG_WARN_INFINITE_RECURSION = YES;
				CLANG_WARN_INT_CONVERSION = YES;
				CLANG_WARN_NON_LITERAL_NULL_CONVERSION = YES;
				CLANG_WARN_OBJC_LITERAL_CONVERSION = YES;
				CLANG_WARN_OBJC_ROOT_CLASS = YES_ERROR;
				CLANG_WARN_RANGE_LOOP_ANALYSIS = YES;
				CLANG_WARN_STRICT_PROTOTYPES = YES;
				CLANG_WARN_SUSPICIOUS_MOVE = YES;
				CLANG_WARN_UNGUARDED_AVAILABILITY = YES_AGGRESSIVE;
				CLANG_WARN_UNREACHABLE_CODE = YES;
				CLANG_WARN__DUPLICATE_METHOD_MATCH = YES;
				CODE_SIGN_IDENTITY = "iPhone Developer";
				COPY_PHASE_STRIP = NO;
				DEBUG_INFORMATION_FORMAT = dwarf;
				ENABLE_STRICT_OBJC_MSGSEND = YES;
				ENABLE_TESTABILITY = YES;
				GCC_C_LANGUAGE_STANDARD = gnu11;
				GCC_DYNAMIC_NO_PIC = NO;
				GCC_NO_COMMON_BLOCKS = YES;
				GCC_OPTIMIZATION_LEVEL = 0;
				GCC_PREPROCESSOR_DEFINITIONS = (
					"DEBUG=1",
					"$(inherited)",
				);
				GCC_WARN_64_TO_32_BIT_CONVERSION = YES;
				GCC_WARN_ABOUT_RETURN_TYPE = YES_ERROR;
				GCC_WARN_UNDECLARED_SELECTOR = YES;
				GCC_WARN_UNINITIALIZED_AUTOS = YES_AGGRESSIVE;
				GCC_WARN_UNUSED_FUNCTION = YES;
				GCC_WARN_UNUSED_VARIABLE = YES;
				IPHONEOS_DEPLOYMENT_TARGET = 11.2;
				MTL_ENABLE_DEBUG_INFO = YES;
				ONLY_ACTIVE_ARCH = YES;
				SDKROOT = iphoneos;
				SWIFT_ACTIVE_COMPILATION_CONDITIONS = DEBUG;
				SWIFT_OPTIMIZATION_LEVEL = "-Onone";
			};
			name = Debug;
		};
		38FE8D8E21090538009DFB67 /* Release */ = {
			isa = XCBuildConfiguration;
			buildSettings = {
				ALWAYS_SEARCH_USER_PATHS = NO;
				CLANG_ANALYZER_NONNULL = YES;
				CLANG_ANALYZER_NUMBER_OBJECT_CONVERSION = YES_AGGRESSIVE;
				CLANG_CXX_LANGUAGE_STANDARD = "gnu++14";
				CLANG_CXX_LIBRARY = "libc++";
				CLANG_ENABLE_MODULES = YES;
				CLANG_ENABLE_OBJC_ARC = YES;
				CLANG_WARN_BLOCK_CAPTURE_AUTORELEASING = YES;
				CLANG_WARN_BOOL_CONVERSION = YES;
				CLANG_WARN_COMMA = YES;
				CLANG_WARN_CONSTANT_CONVERSION = YES;
				CLANG_WARN_DIRECT_OBJC_ISA_USAGE = YES_ERROR;
				CLANG_WARN_DOCUMENTATION_COMMENTS = YES;
				CLANG_WARN_EMPTY_BODY = YES;
				CLANG_WARN_ENUM_CONVERSION = YES;
				CLANG_WARN_INFINITE_RECURSION = YES;
				CLANG_WARN_INT_CONVERSION = YES;
				CLANG_WARN_NON_LITERAL_NULL_CONVERSION = YES;
				CLANG_WARN_OBJC_LITERAL_CONVERSION = YES;
				CLANG_WARN_OBJC_ROOT_CLASS = YES_ERROR;
				CLANG_WARN_RANGE_LOOP_ANALYSIS = YES;
				CLANG_WARN_STRICT_PROTOTYPES = YES;
				CLANG_WARN_SUSPICIOUS_MOVE = YES;
				CLANG_WARN_UNGUARDED_AVAILABILITY = YES_AGGRESSIVE;
				CLANG_WARN_UNREACHABLE_CODE = YES;
				CLANG_WARN__DUPLICATE_METHOD_MATCH = YES;
				CODE_SIGN_IDENTITY = "iPhone Developer";
				COPY_PHASE_STRIP = NO;
				DEBUG_INFORMATION_FORMAT = "dwarf-with-dsym";
				ENABLE_NS_ASSERTIONS = NO;
				ENABLE_STRICT_OBJC_MSGSEND = YES;
				GCC_C_LANGUAGE_STANDARD = gnu11;
				GCC_NO_COMMON_BLOCKS = YES;
				GCC_WARN_64_TO_32_BIT_CONVERSION = YES;
				GCC_WARN_ABOUT_RETURN_TYPE = YES_ERROR;
				GCC_WARN_UNDECLARED_SELECTOR = YES;
				GCC_WARN_UNINITIALIZED_AUTOS = YES_AGGRESSIVE;
				GCC_WARN_UNUSED_FUNCTION = YES;
				GCC_WARN_UNUSED_VARIABLE = YES;
				IPHONEOS_DEPLOYMENT_TARGET = 11.2;
				MTL_ENABLE_DEBUG_INFO = NO;
				SDKROOT = iphoneos;
				SWIFT_OPTIMIZATION_LEVEL = "-Owholemodule";
				VALIDATE_PRODUCT = YES;
			};
			name = Release;
		};
		38FE8D9021090538009DFB67 /* Debug */ = {
			isa = XCBuildConfiguration;
			baseConfigurationReference = CC0ABF220754BADBD0477E43 /* Pods-Weather.debug.xcconfig */;
			buildSettings = {
				ASSETCATALOG_COMPILER_APPICON_NAME = AppIcon;
				CODE_SIGN_STYLE = Automatic;
				INFOPLIST_FILE = Weather/Info.plist;
				LD_RUNPATH_SEARCH_PATHS = "$(inherited) @executable_path/Frameworks";
				PRODUCT_BUNDLE_IDENTIFIER = imx.Weather;
				PRODUCT_NAME = "$(TARGET_NAME)";
				SWIFT_VERSION = 4.0;
				TARGETED_DEVICE_FAMILY = "1,2";
			};
			name = Debug;
		};
		38FE8D9121090538009DFB67 /* Release */ = {
			isa = XCBuildConfiguration;
			baseConfigurationReference = 82553ED7AB32784F301E7D9C /* Pods-Weather.release.xcconfig */;
			buildSettings = {
				ASSETCATALOG_COMPILER_APPICON_NAME = AppIcon;
				CODE_SIGN_STYLE = Automatic;
				INFOPLIST_FILE = Weather/Info.plist;
				LD_RUNPATH_SEARCH_PATHS = "$(inherited) @executable_path/Frameworks";
				PRODUCT_BUNDLE_IDENTIFIER = imx.Weather;
				PRODUCT_NAME = "$(TARGET_NAME)";
				SWIFT_VERSION = 4.0;
				TARGETED_DEVICE_FAMILY = "1,2";
			};
			name = Release;
		};
/* End XCBuildConfiguration section */

/* Begin XCConfigurationList section */
		38FE8D7521090538009DFB67 /* Build configuration list for PBXProject "Weather" */ = {
			isa = XCConfigurationList;
			buildConfigurations = (
				38FE8D8D21090538009DFB67 /* Debug */,
				38FE8D8E21090538009DFB67 /* Release */,
			);
			defaultConfigurationIsVisible = 0;
			defaultConfigurationName = Release;
		};
		38FE8D8F21090538009DFB67 /* Build configuration list for PBXNativeTarget "Weather" */ = {
			isa = XCConfigurationList;
			buildConfigurations = (
				38FE8D9021090538009DFB67 /* Debug */,
				38FE8D9121090538009DFB67 /* Release */,
			);
			defaultConfigurationIsVisible = 0;
			defaultConfigurationName = Release;
		};
/* End XCConfigurationList section */

/* Begin XCVersionGroup section */
		38FE8D8421090538009DFB67 /* Weather.xcdatamodeld */ = {
			isa = XCVersionGroup;
			children = (
				38FE8D8521090538009DFB67 /* Weather.xcdatamodel */,
			);
			currentVersion = 38FE8D8521090538009DFB67 /* Weather.xcdatamodel */;
			path = Weather.xcdatamodeld;
			sourceTree = "<group>";
			versionGroupType = wrapper.xcdatamodel;
		};
/* End XCVersionGroup section */
	};
	rootObject = 38FE8D7221090538009DFB67 /* Project object */;
}
